{
  "name": "universalmocap",
  "version": "0.0.1",
  "lockfileVersion": 1,
  "requires": true,
  "dependencies": {
    "dgram": {
      "version": "1.0.1",
      "resolved": "https://registry.npmjs.org/dgram/-/dgram-1.0.1.tgz",
      "integrity": "sha1-N/OyAPgDOl/3WTAwicgc42G2UcM="
    },
    "optirx": {
      "version": "0.1.0",
      "resolved": "https://registry.npmjs.org/optirx/-/optirx-0.1.0.tgz",
      "integrity": "sha1-QRTCpdh/jlPyuJs6G0crQKDjDVE="
    }
  }
}
